// !$*UTF8*$!
{
	archiveVersion = 1;
	classes = {
	};
	objectVersion = 50;
	objects = {

/* Begin PBXBuildFile section */
		C337D37625ECCF8F00191EE3 /* AppDelegate.swift in Sources */ = {isa = PBXBuildFile; fileRef = C337D37525ECCF8F00191EE3 /* AppDelegate.swift */; };
		C337D37825ECCF8F00191EE3 /* SceneDelegate.swift in Sources */ = {isa = PBXBuildFile; fileRef = C337D37725ECCF8F00191EE3 /* SceneDelegate.swift */; };
		C337D37A25ECCF8F00191EE3 /* ContentView.swift in Sources */ = {isa = PBXBuildFile; fileRef = C337D37925ECCF8F00191EE3 /* ContentView.swift */; };
		C337D37C25ECCF9100191EE3 /* Assets.xcassets in Resources */ = {isa = PBXBuildFile; fileRef = C337D37B25ECCF9100191EE3 /* Assets.xcassets */; };
		C337D37F25ECCF9100191EE3 /* Preview Assets.xcassets in Resources */ = {isa = PBXBuildFile; fileRef = C337D37E25ECCF9100191EE3 /* Preview Assets.xcassets */; };
		C337D38225ECCF9100191EE3 /* LaunchScreen.storyboard in Resources */ = {isa = PBXBuildFile; fileRef = C337D38025ECCF9100191EE3 /* LaunchScreen.storyboard */; };
		C337D38D25ECCF9200191EE3 /* Pomelo_NextTests.swift in Sources */ = {isa = PBXBuildFile; fileRef = C337D38C25ECCF9200191EE3 /* Pomelo_NextTests.swift */; };
		C337D39825ECCF9200191EE3 /* Pomelo_NextUITests.swift in Sources */ = {isa = PBXBuildFile; fileRef = C337D39725ECCF9200191EE3 /* Pomelo_NextUITests.swift */; };
/* End PBXBuildFile section */

/* Begin PBXContainerItemProxy section */
		C337D38925ECCF9200191EE3 /* PBXContainerItemProxy */ = {
			isa = PBXContainerItemProxy;
			containerPortal = C337D36A25ECCF8F00191EE3 /* Project object */;
			proxyType = 1;
			remoteGlobalIDString = C337D37125ECCF8F00191EE3;
			remoteInfo = "Pomelo Next";
		};
		C337D39425ECCF9200191EE3 /* PBXContainerItemProxy */ = {
			isa = PBXContainerItemProxy;
			containerPortal = C337D36A25ECCF8F00191EE3 /* Project object */;
			proxyType = 1;
			remoteGlobalIDString = C337D37125ECCF8F00191EE3;
			remoteInfo = "Pomelo Next";
		};
/* End PBXContainerItemProxy section */

/* Begin PBXFileReference section */
		C337D37225ECCF8F00191EE3 /* Pomelo Next.app */ = {isa = PBXFileReference; explicitFileType = wrapper.application; includeInIndex = 0; path = "Pomelo Next.app"; sourceTree = BUILT_PRODUCTS_DIR; };
		C337D37525ECCF8F00191EE3 /* AppDelegate.swift */ = {isa = PBXFileReference; lastKnownFileType = sourcecode.swift; path = AppDelegate.swift; sourceTree = "<group>"; };
		C337D37725ECCF8F00191EE3 /* SceneDelegate.swift */ = {isa = PBXFileReference; lastKnownFileType = sourcecode.swift; path = SceneDelegate.swift; sourceTree = "<group>"; };
		C337D37925ECCF8F00191EE3 /* ContentView.swift */ = {isa = PBXFileReference; lastKnownFileType = sourcecode.swift; path = ContentView.swift; sourceTree = "<group>"; };
		C337D37B25ECCF9100191EE3 /* Assets.xcassets */ = {isa = PBXFileReference; lastKnownFileType = folder.assetcatalog; path = Assets.xcassets; sourceTree = "<group>"; };
		C337D37E25ECCF9100191EE3 /* Preview Assets.xcassets */ = {isa = PBXFileReference; lastKnownFileType = folder.assetcatalog; path = "Preview Assets.xcassets"; sourceTree = "<group>"; };
		C337D38125ECCF9100191EE3 /* Base */ = {isa = PBXFileReference; lastKnownFileType = file.storyboard; name = Base; path = Base.lproj/LaunchScreen.storyboard; sourceTree = "<group>"; };
		C337D38325ECCF9100191EE3 /* Info.plist */ = {isa = PBXFileReference; lastKnownFileType = text.plist.xml; path = Info.plist; sourceTree = "<group>"; };
		C337D38825ECCF9200191EE3 /* Pomelo NextTests.xctest */ = {isa = PBXFileReference; explicitFileType = wrapper.cfbundle; includeInIndex = 0; path = "Pomelo NextTests.xctest"; sourceTree = BUILT_PRODUCTS_DIR; };
		C337D38C25ECCF9200191EE3 /* Pomelo_NextTests.swift */ = {isa = PBXFileReference; lastKnownFileType = sourcecode.swift; path = Pomelo_NextTests.swift; sourceTree = "<group>"; };
		C337D38E25ECCF9200191EE3 /* Info.plist */ = {isa = PBXFileReference; lastKnownFileType = text.plist.xml; path = Info.plist; sourceTree = "<group>"; };
		C337D39325ECCF9200191EE3 /* Pomelo NextUITests.xctest */ = {isa = PBXFileReference; explicitFileType = wrapper.cfbundle; includeInIndex = 0; path = "Pomelo NextUITests.xctest"; sourceTree = BUILT_PRODUCTS_DIR; };
		C337D39725ECCF9200191EE3 /* Pomelo_NextUITests.swift */ = {isa = PBXFileReference; lastKnownFileType = sourcecode.swift; path = Pomelo_NextUITests.swift; sourceTree = "<group>"; };
		C337D39925ECCF9200191EE3 /* Info.plist */ = {isa = PBXFileReference; lastKnownFileType = text.plist.xml; path = Info.plist; sourceTree = "<group>"; };
/* End PBXFileReference section */

/* Begin PBXFrameworksBuildPhase section */
		C337D36F25ECCF8F00191EE3 /* Frameworks */ = {
			isa = PBXFrameworksBuildPhase;
			buildActionMask = 2147483647;
			files = (
			);
			runOnlyForDeploymentPostprocessing = 0;
		};
		C337D38525ECCF9200191EE3 /* Frameworks */ = {
			isa = PBXFrameworksBuildPhase;
			buildActionMask = 2147483647;
			files = (
			);
			runOnlyForDeploymentPostprocessing = 0;
		};
		C337D39025ECCF9200191EE3 /* Frameworks */ = {
			isa = PBXFrameworksBuildPhase;
			buildActionMask = 2147483647;
			files = (
			);
			runOnlyForDeploymentPostprocessing = 0;
		};
/* End PBXFrameworksBuildPhase section */

/* Begin PBXGroup section */
		C337D36925ECCF8F00191EE3 = {
			isa = PBXGroup;
			children = (
				C337D37425ECCF8F00191EE3 /* Pomelo Next */,
				C337D38B25ECCF9200191EE3 /* Pomelo NextTests */,
				C337D39625ECCF9200191EE3 /* Pomelo NextUITests */,
				C337D37325ECCF8F00191EE3 /* Products */,
			);
			sourceTree = "<group>";
		};
		C337D37325ECCF8F00191EE3 /* Products */ = {
			isa = PBXGroup;
			children = (
				C337D37225ECCF8F00191EE3 /* Pomelo Next.app */,
				C337D38825ECCF9200191EE3 /* Pomelo NextTests.xctest */,
				C337D39325ECCF9200191EE3 /* Pomelo NextUITests.xctest */,
			);
			name = Products;
			sourceTree = "<group>";
		};
		C337D37425ECCF8F00191EE3 /* Pomelo Next */ = {
			isa = PBXGroup;
			children = (
				C337D37525ECCF8F00191EE3 /* AppDelegate.swift */,
				C337D37725ECCF8F00191EE3 /* SceneDelegate.swift */,
				C337D37925ECCF8F00191EE3 /* ContentView.swift */,
				C337D37B25ECCF9100191EE3 /* Assets.xcassets */,
				C337D38025ECCF9100191EE3 /* LaunchScreen.storyboard */,
				C337D38325ECCF9100191EE3 /* Info.plist */,
				C337D37D25ECCF9100191EE3 /* Preview Content */,
			);
			path = "Pomelo Next";
			sourceTree = "<group>";
		};
		C337D37D25ECCF9100191EE3 /* Preview Content */ = {
			isa = PBXGroup;
			children = (
				C337D37E25ECCF9100191EE3 /* Preview Assets.xcassets */,
			);
			path = "Preview Content";
			sourceTree = "<group>";
		};
		C337D38B25ECCF9200191EE3 /* Pomelo NextTests */ = {
			isa = PBXGroup;
			children = (
				C337D38C25ECCF9200191EE3 /* Pomelo_NextTests.swift */,
				C337D38E25ECCF9200191EE3 /* Info.plist */,
			);
			path = "Pomelo NextTests";
			sourceTree = "<group>";
		};
		C337D39625ECCF9200191EE3 /* Pomelo NextUITests */ = {
			isa = PBXGroup;
			children = (
				C337D39725ECCF9200191EE3 /* Pomelo_NextUITests.swift */,
				C337D39925ECCF9200191EE3 /* Info.plist */,
			);
			path = "Pomelo NextUITests";
			sourceTree = "<group>";
		};
/* End PBXGroup section */

/* Begin PBXNativeTarget section */
		C337D37125ECCF8F00191EE3 /* Pomelo Next */ = {
			isa = PBXNativeTarget;
			buildConfigurationList = C337D39C25ECCF9200191EE3 /* Build configuration list for PBXNativeTarget "Pomelo Next" */;
			buildPhases = (
				C337D36E25ECCF8F00191EE3 /* Sources */,
				C337D36F25ECCF8F00191EE3 /* Frameworks */,
				C337D37025ECCF8F00191EE3 /* Resources */,
			);
			buildRules = (
			);
			dependencies = (
			);
			name = "Pomelo Next";
			productName = "Pomelo Next";
			productReference = C337D37225ECCF8F00191EE3 /* Pomelo Next.app */;
			productType = "com.apple.product-type.application";
		};
		C337D38725ECCF9200191EE3 /* Pomelo NextTests */ = {
			isa = PBXNativeTarget;
			buildConfigurationList = C337D39F25ECCF9200191EE3 /* Build configuration list for PBXNativeTarget "Pomelo NextTests" */;
			buildPhases = (
				C337D38425ECCF9200191EE3 /* Sources */,
				C337D38525ECCF9200191EE3 /* Frameworks */,
				C337D38625ECCF9200191EE3 /* Resources */,
			);
			buildRules = (
			);
			dependencies = (
				C337D38A25ECCF9200191EE3 /* PBXTargetDependency */,
			);
			name = "Pomelo NextTests";
			productName = "Pomelo NextTests";
			productReference = C337D38825ECCF9200191EE3 /* Pomelo NextTests.xctest */;
			productType = "com.apple.product-type.bundle.unit-test";
		};
		C337D39225ECCF9200191EE3 /* Pomelo NextUITests */ = {
			isa = PBXNativeTarget;
			buildConfigurationList = C337D3A225ECCF9200191EE3 /* Build configuration list for PBXNativeTarget "Pomelo NextUITests" */;
			buildPhases = (
				C337D38F25ECCF9200191EE3 /* Sources */,
				C337D39025ECCF9200191EE3 /* Frameworks */,
				C337D39125ECCF9200191EE3 /* Resources */,
			);
			buildRules = (
			);
			dependencies = (
				C337D39525ECCF9200191EE3 /* PBXTargetDependency */,
			);
			name = "Pomelo NextUITests";
			productName = "Pomelo NextUITests";
			productReference = C337D39325ECCF9200191EE3 /* Pomelo NextUITests.xctest */;
			productType = "com.apple.product-type.bundle.ui-testing";
		};
/* End PBXNativeTarget section */

/* Begin PBXProject section */
		C337D36A25ECCF8F00191EE3 /* Project object */ = {
			isa = PBXProject;
			attributes = {
				LastSwiftUpdateCheck = 1230;
				LastUpgradeCheck = 1230;
				TargetAttributes = {
					C337D37125ECCF8F00191EE3 = {
						CreatedOnToolsVersion = 12.3;
					};
					C337D38725ECCF9200191EE3 = {
						CreatedOnToolsVersion = 12.3;
						TestTargetID = C337D37125ECCF8F00191EE3;
					};
					C337D39225ECCF9200191EE3 = {
						CreatedOnToolsVersion = 12.3;
						TestTargetID = C337D37125ECCF8F00191EE3;
					};
				};
			};
			buildConfigurationList = C337D36D25ECCF8F00191EE3 /* Build configuration list for PBXProject "Pomelo Next" */;
			compatibilityVersion = "Xcode 9.3";
			developmentRegion = en;
			hasScannedForEncodings = 0;
			knownRegions = (
				en,
				Base,
			);
			mainGroup = C337D36925ECCF8F00191EE3;
			productRefGroup = C337D37325ECCF8F00191EE3 /* Products */;
			projectDirPath = "";
			projectRoot = "";
			targets = (
				C337D37125ECCF8F00191EE3 /* Pomelo Next */,
				C337D38725ECCF9200191EE3 /* Pomelo NextTests */,
				C337D39225ECCF9200191EE3 /* Pomelo NextUITests */,
			);
		};
/* End PBXProject section */

/* Begin PBXResourcesBuildPhase section */
		C337D37025ECCF8F00191EE3 /* Resources */ = {
			isa = PBXResourcesBuildPhase;
			buildActionMask = 2147483647;
			files = (
				C337D38225ECCF9100191EE3 /* LaunchScreen.storyboard in Resources */,
				C337D37F25ECCF9100191EE3 /* Preview Assets.xcassets in Resources */,
				C337D37C25ECCF9100191EE3 /* Assets.xcassets in Resources */,
			);
			runOnlyForDeploymentPostprocessing = 0;
		};
		C337D38625ECCF9200191EE3 /* Resources */ = {
			isa = PBXResourcesBuildPhase;
			buildActionMask = 2147483647;
			files = (
			);
			runOnlyForDeploymentPostprocessing = 0;
		};
		C337D39125ECCF9200191EE3 /* Resources */ = {
			isa = PBXResourcesBuildPhase;
			buildActionMask = 2147483647;
			files = (
			);
			runOnlyForDeploymentPostprocessing = 0;
		};
/* End PBXResourcesBuildPhase section */

/* Begin PBXSourcesBuildPhase section */
		C337D36E25ECCF8F00191EE3 /* Sources */ = {
			isa = PBXSourcesBuildPhase;
			buildActionMask = 2147483647;
			files = (
				C337D37625ECCF8F00191EE3 /* AppDelegate.swift in Sources */,
				C337D37825ECCF8F00191EE3 /* SceneDelegate.swift in Sources */,
				C337D37A25ECCF8F00191EE3 /* ContentView.swift in Sources */,
			);
			runOnlyForDeploymentPostprocessing = 0;
		};
		C337D38425ECCF9200191EE3 /* Sources */ = {
			isa = PBXSourcesBuildPhase;
			buildActionMask = 2147483647;
			files = (
				C337D38D25ECCF9200191EE3 /* Pomelo_NextTests.swift in Sources */,
			);
			runOnlyForDeploymentPostprocessing = 0;
		};
		C337D38F25ECCF9200191EE3 /* Sources */ = {
			isa = PBXSourcesBuildPhase;
			buildActionMask = 2147483647;
			files = (
				C337D39825ECCF9200191EE3 /* Pomelo_NextUITests.swift in Sources */,
			);
			runOnlyForDeploymentPostprocessing = 0;
		};
/* End PBXSourcesBuildPhase section */

/* Begin PBXTargetDependency section */
		C337D38A25ECCF9200191EE3 /* PBXTargetDependency */ = {
			isa = PBXTargetDependency;
			target = C337D37125ECCF8F00191EE3 /* Pomelo Next */;
			targetProxy = C337D38925ECCF9200191EE3 /* PBXContainerItemProxy */;
		};
		C337D39525ECCF9200191EE3 /* PBXTargetDependency */ = {
			isa = PBXTargetDependency;
			target = C337D37125ECCF8F00191EE3 /* Pomelo Next */;
			targetProxy = C337D39425ECCF9200191EE3 /* PBXContainerItemProxy */;
		};
/* End PBXTargetDependency section */

/* Begin PBXVariantGroup section */
		C337D38025ECCF9100191EE3 /* LaunchScreen.storyboard */ = {
			isa = PBXVariantGroup;
			children = (
				C337D38125ECCF9100191EE3 /* Base */,
			);
			name = LaunchScreen.storyboard;
			sourceTree = "<group>";
		};
/* End PBXVariantGroup section */

/* Begin XCBuildConfiguration section */
		C337D39A25ECCF9200191EE3 /* Debug */ = {
			isa = XCBuildConfiguration;
			buildSettings = {
				ALWAYS_SEARCH_USER_PATHS = NO;
				CLANG_ANALYZER_NONNULL = YES;
				CLANG_ANALYZER_NUMBER_OBJECT_CONVERSION = YES_AGGRESSIVE;
				CLANG_CXX_LANGUAGE_STANDARD = "gnu++14";
				CLANG_CXX_LIBRARY = "libc++";
				CLANG_ENABLE_MODULES = YES;
				CLANG_ENABLE_OBJC_ARC = YES;
				CLANG_ENABLE_OBJC_WEAK = YES;
				CLANG_WARN_BLOCK_CAPTURE_AUTORELEASING = YES;
				CLANG_WARN_BOOL_CONVERSION = YES;
				CLANG_WARN_COMMA = YES;
				CLANG_WARN_CONSTANT_CONVERSION = YES;
				CLANG_WARN_DEPRECATED_OBJC_IMPLEMENTATIONS = YES;
				CLANG_WARN_DIRECT_OBJC_ISA_USAGE = YES_ERROR;
				CLANG_WARN_DOCUMENTATION_COMMENTS = YES;
				CLANG_WARN_EMPTY_BODY = YES;
				CLANG_WARN_ENUM_CONVERSION = YES;
				CLANG_WARN_INFINITE_RECURSION = YES;
				CLANG_WARN_INT_CONVERSION = YES;
				CLANG_WARN_NON_LITERAL_NULL_CONVERSION = YES;
				CLANG_WARN_OBJC_IMPLICIT_RETAIN_SELF = YES;
				CLANG_WARN_OBJC_LITERAL_CONVERSION = YES;
				CLANG_WARN_OBJC_ROOT_CLASS = YES_ERROR;
				CLANG_WARN_QUOTED_INCLUDE_IN_FRAMEWORK_HEADER = YES;
				CLANG_WARN_RANGE_LOOP_ANALYSIS = YES;
				CLANG_WARN_STRICT_PROTOTYPES = YES;
				CLANG_WARN_SUSPICIOUS_MOVE = YES;
				CLANG_WARN_UNGUARDED_AVAILABILITY = YES_AGGRESSIVE;
				CLANG_WARN_UNREACHABLE_CODE = YES;
				CLANG_WARN__DUPLICATE_METHOD_MATCH = YES;
				COPY_PHASE_STRIP = NO;
				DEBUG_INFORMATION_FORMAT = dwarf;
				ENABLE_STRICT_OBJC_MSGSEND = YES;
				ENABLE_TESTABILITY = YES;
				GCC_C_LANGUAGE_STANDARD = gnu11;
				GCC_DYNAMIC_NO_PIC = NO;
				GCC_NO_COMMON_BLOCKS = YES;
				GCC_OPTIMIZATION_LEVEL = 0;
				GCC_PREPROCESSOR_DEFINITIONS = (
					"DEBUG=1",
					"$(inherited)",
				);
				GCC_WARN_64_TO_32_BIT_CONVERSION = YES;
				GCC_WARN_ABOUT_RETURN_TYPE = YES_ERROR;
				GCC_WARN_UNDECLARED_SELECTOR = YES;
				GCC_WARN_UNINITIALIZED_AUTOS = YES_AGGRESSIVE;
				GCC_WARN_UNUSED_FUNCTION = YES;
				GCC_WARN_UNUSED_VARIABLE = YES;
				IPHONEOS_DEPLOYMENT_TARGET = 14.3;
				MTL_ENABLE_DEBUG_INFO = INCLUDE_SOURCE;
				MTL_FAST_MATH = YES;
				ONLY_ACTIVE_ARCH = YES;
				SDKROOT = iphoneos;
				SWIFT_ACTIVE_COMPILATION_CONDITIONS = DEBUG;
				SWIFT_OPTIMIZATION_LEVEL = "-Onone";
			};
			name = Debug;
		};
		C337D39B25ECCF9200191EE3 /* Release */ = {
			isa = XCBuildConfiguration;
			buildSettings = {
				ALWAYS_SEARCH_USER_PATHS = NO;
				CLANG_ANALYZER_NONNULL = YES;
				CLANG_ANALYZER_NUMBER_OBJECT_CONVERSION = YES_AGGRESSIVE;
				CLANG_CXX_LANGUAGE_STANDARD = "gnu++14";
				CLANG_CXX_LIBRARY = "libc++";
				CLANG_ENABLE_MODULES = YES;
				CLANG_ENABLE_OBJC_ARC = YES;
				CLANG_ENABLE_OBJC_WEAK = YES;
				CLANG_WARN_BLOCK_CAPTURE_AUTORELEASING = YES;
				CLANG_WARN_BOOL_CONVERSION = YES;
				CLANG_WARN_COMMA = YES;
				CLANG_WARN_CONSTANT_CONVERSION = YES;
				CLANG_WARN_DEPRECATED_OBJC_IMPLEMENTATIONS = YES;
				CLANG_WARN_DIRECT_OBJC_ISA_USAGE = YES_ERROR;
				CLANG_WARN_DOCUMENTATION_COMMENTS = YES;
				CLANG_WARN_EMPTY_BODY = YES;
				CLANG_WARN_ENUM_CONVERSION = YES;
				CLANG_WARN_INFINITE_RECURSION = YES;
				CLANG_WARN_INT_CONVERSION = YES;
				CLANG_WARN_NON_LITERAL_NULL_CONVERSION = YES;
				CLANG_WARN_OBJC_IMPLICIT_RETAIN_SELF = YES;
				CLANG_WARN_OBJC_LITERAL_CONVERSION = YES;
				CLANG_WARN_OBJC_ROOT_CLASS = YES_ERROR;
				CLANG_WARN_QUOTED_INCLUDE_IN_FRAMEWORK_HEADER = YES;
				CLANG_WARN_RANGE_LOOP_ANALYSIS = YES;
				CLANG_WARN_STRICT_PROTOTYPES = YES;
				CLANG_WARN_SUSPICIOUS_MOVE = YES;
				CLANG_WARN_UNGUARDED_AVAILABILITY = YES_AGGRESSIVE;
				CLANG_WARN_UNREACHABLE_CODE = YES;
				CLANG_WARN__DUPLICATE_METHOD_MATCH = YES;
				COPY_PHASE_STRIP = NO;
				DEBUG_INFORMATION_FORMAT = "dwarf-with-dsym";
				ENABLE_NS_ASSERTIONS = NO;
				ENABLE_STRICT_OBJC_MSGSEND = YES;
				GCC_C_LANGUAGE_STANDARD = gnu11;
				GCC_NO_COMMON_BLOCKS = YES;
				GCC_WARN_64_TO_32_BIT_CONVERSION = YES;
				GCC_WARN_ABOUT_RETURN_TYPE = YES_ERROR;
				GCC_WARN_UNDECLARED_SELECTOR = YES;
				GCC_WARN_UNINITIALIZED_AUTOS = YES_AGGRESSIVE;
				GCC_WARN_UNUSED_FUNCTION = YES;
				GCC_WARN_UNUSED_VARIABLE = YES;
				IPHONEOS_DEPLOYMENT_TARGET = 14.3;
				MTL_ENABLE_DEBUG_INFO = NO;
				MTL_FAST_MATH = YES;
				SDKROOT = iphoneos;
				SWIFT_COMPILATION_MODE = wholemodule;
				SWIFT_OPTIMIZATION_LEVEL = "-O";
				VALIDATE_PRODUCT = YES;
			};
			name = Release;
		};
		C337D39D25ECCF9200191EE3 /* Debug */ = {
			isa = XCBuildConfiguration;
			buildSettings = {
				ASSETCATALOG_COMPILER_APPICON_NAME = AppIcon;
				ASSETCATALOG_COMPILER_GLOBAL_ACCENT_COLOR_NAME = AccentColor;
				CODE_SIGN_STYLE = Automatic;
				DEVELOPMENT_ASSET_PATHS = "\"Pomelo Next/Preview Content\"";
				DEVELOPMENT_TEAM = ASVGYZZP68;
				ENABLE_PREVIEWS = YES;
				INFOPLIST_FILE = "Pomelo Next/Info.plist";
				LD_RUNPATH_SEARCH_PATHS = (
					"$(inherited)",
					"@executable_path/Frameworks",
				);
				PRODUCT_BUNDLE_IDENTIFIER = "com.pomelofashion.pomelofashion.Pomelo-Next";
				PRODUCT_NAME = "$(TARGET_NAME)";
				SWIFT_VERSION = 5.0;
				TARGETED_DEVICE_FAMILY = "1,2";
			};
			name = Debug;
		};
		C337D39E25ECCF9200191EE3 /* Release */ = {
			isa = XCBuildConfiguration;
			buildSettings = {
				ASSETCATALOG_COMPILER_APPICON_NAME = AppIcon;
				ASSETCATALOG_COMPILER_GLOBAL_ACCENT_COLOR_NAME = AccentColor;
				CODE_SIGN_STYLE = Automatic;
				DEVELOPMENT_ASSET_PATHS = "\"Pomelo Next/Preview Content\"";
				DEVELOPMENT_TEAM = ASVGYZZP68;
				ENABLE_PREVIEWS = YES;
				INFOPLIST_FILE = "Pomelo Next/Info.plist";
				LD_RUNPATH_SEARCH_PATHS = (
					"$(inherited)",
					"@executable_path/Frameworks",
				);
				PRODUCT_BUNDLE_IDENTIFIER = "com.pomelofashion.pomelofashion.Pomelo-Next";
				PRODUCT_NAME = "$(TARGET_NAME)";
				SWIFT_VERSION = 5.0;
				TARGETED_DEVICE_FAMILY = "1,2";
			};
			name = Release;
		};
		C337D3A025ECCF9200191EE3 /* Debug */ = {
			isa = XCBuildConfiguration;
			buildSettings = {
				ALWAYS_EMBED_SWIFT_STANDARD_LIBRARIES = YES;
				BUNDLE_LOADER = "$(TEST_HOST)";
				CODE_SIGN_STYLE = Automatic;
				DEVELOPMENT_TEAM = ASVGYZZP68;
				INFOPLIST_FILE = "Pomelo NextTests/Info.plist";
				IPHONEOS_DEPLOYMENT_TARGET = 14.3;
				LD_RUNPATH_SEARCH_PATHS = (
					"$(inherited)",
					"@executable_path/Frameworks",
					"@loader_path/Frameworks",
				);
				PRODUCT_BUNDLE_IDENTIFIER = "com.pomelofashion.pomelofashion.Pomelo-NextTests";
				PRODUCT_NAME = "$(TARGET_NAME)";
				SWIFT_VERSION = 5.0;
				TARGETED_DEVICE_FAMILY = "1,2";
				TEST_HOST = "$(BUILT_PRODUCTS_DIR)/Pomelo Next.app/Pomelo Next";
			};
			name = Debug;
		};
		C337D3A125ECCF9200191EE3 /* Release */ = {
			isa = XCBuildConfiguration;
			buildSettings = {
				ALWAYS_EMBED_SWIFT_STANDARD_LIBRARIES = YES;
				BUNDLE_LOADER = "$(TEST_HOST)";
				CODE_SIGN_STYLE = Automatic;
				DEVELOPMENT_TEAM = ASVGYZZP68;
				INFOPLIST_FILE = "Pomelo NextTests/Info.plist";
				IPHONEOS_DEPLOYMENT_TARGET = 14.3;
				LD_RUNPATH_SEARCH_PATHS = (
					"$(inherited)",
					"@executable_path/Frameworks",
					"@loader_path/Frameworks",
				);
				PRODUCT_BUNDLE_IDENTIFIER = "com.pomelofashion.pomelofashion.Pomelo-NextTests";
				PRODUCT_NAME = "$(TARGET_NAME)";
				SWIFT_VERSION = 5.0;
				TARGETED_DEVICE_FAMILY = "1,2";
				TEST_HOST = "$(BUILT_PRODUCTS_DIR)/Pomelo Next.app/Pomelo Next";
			};
			name = Release;
		};
		C337D3A325ECCF9200191EE3 /* Debug */ = {
			isa = XCBuildConfiguration;
			buildSettings = {
				ALWAYS_EMBED_SWIFT_STANDARD_LIBRARIES = YES;
				CODE_SIGN_STYLE = Automatic;
				DEVELOPMENT_TEAM = ASVGYZZP68;
				INFOPLIST_FILE = "Pomelo NextUITests/Info.plist";
				LD_RUNPATH_SEARCH_PATHS = (
					"$(inherited)",
					"@executable_path/Frameworks",
					"@loader_path/Frameworks",
				);
				PRODUCT_BUNDLE_IDENTIFIER = "com.pomelofashion.pomelofashion.Pomelo-NextUITests";
				PRODUCT_NAME = "$(TARGET_NAME)";
				SWIFT_VERSION = 5.0;
				TARGETED_DEVICE_FAMILY = "1,2";
				TEST_TARGET_NAME = "Pomelo Next";
			};
			name = Debug;
		};
		C337D3A425ECCF9200191EE3 /* Release */ = {
			isa = XCBuildConfiguration;
			buildSettings = {
				ALWAYS_EMBED_SWIFT_STANDARD_LIBRARIES = YES;
				CODE_SIGN_STYLE = Automatic;
				DEVELOPMENT_TEAM = ASVGYZZP68;
				INFOPLIST_FILE = "Pomelo NextUITests/Info.plist";
				LD_RUNPATH_SEARCH_PATHS = (
					"$(inherited)",
					"@executable_path/Frameworks",
					"@loader_path/Frameworks",
				);
				PRODUCT_BUNDLE_IDENTIFIER = "com.pomelofashion.pomelofashion.Pomelo-NextUITests";
				PRODUCT_NAME = "$(TARGET_NAME)";
				SWIFT_VERSION = 5.0;
				TARGETED_DEVICE_FAMILY = "1,2";
				TEST_TARGET_NAME = "Pomelo Next";
			};
			name = Release;
		};
/* End XCBuildConfiguration section */

/* Begin XCConfigurationList section */
		C337D36D25ECCF8F00191EE3 /* Build configuration list for PBXProject "Pomelo Next" */ = {
			isa = XCConfigurationList;
			buildConfigurations = (
				C337D39A25ECCF9200191EE3 /* Debug */,
				C337D39B25ECCF9200191EE3 /* Release */,
			);
			defaultConfigurationIsVisible = 0;
			defaultConfigurationName = Release;
		};
		C337D39C25ECCF9200191EE3 /* Build configuration list for PBXNativeTarget "Pomelo Next" */ = {
			isa = XCConfigurationList;
			buildConfigurations = (
				C337D39D25ECCF9200191EE3 /* Debug */,
				C337D39E25ECCF9200191EE3 /* Release */,
			);
			defaultConfigurationIsVisible = 0;
			defaultConfigurationName = Release;
		};
		C337D39F25ECCF9200191EE3 /* Build configuration list for PBXNativeTarget "Pomelo NextTests" */ = {
			isa = XCConfigurationList;
			buildConfigurations = (
				C337D3A025ECCF9200191EE3 /* Debug */,
				C337D3A125ECCF9200191EE3 /* Release */,
			);
			defaultConfigurationIsVisible = 0;
			defaultConfigurationName = Release;
		};
		C337D3A225ECCF9200191EE3 /* Build configuration list for PBXNativeTarget "Pomelo NextUITests" */ = {
			isa = XCConfigurationList;
			buildConfigurations = (
				C337D3A325ECCF9200191EE3 /* Debug */,
				C337D3A425ECCF9200191EE3 /* Release */,
			);
			defaultConfigurationIsVisible = 0;
			defaultConfigurationName = Release;
		};
/* End XCConfigurationList section */
	};
	rootObject = C337D36A25ECCF8F00191EE3 /* Project object */;
}
